
Microsoft Visual Studio Solution File, Format Version 12.00
# Visual Studio Version 17
VisualStudioVersion = 17.7.34031.279
MinimumVisualStudioVersion = 10.0.40219.1
Project("{FAE04EC0-301F-11D3-BF4B-00C04F79EFBC}") = "ml_szyfrcezara", "ml_szyfrcezara\ml_szyfrcezara.csproj", "{62DAB5A0-CEAB-4287-B02E-85DDB37DF9F0}"
EndProject
Global
	GlobalSection(SolutionConfigurationPlatforms) = preSolution
		Debug|Any CPU = Debug|Any CPU
		Release|Any CPU = Release|Any CPU
	EndGlobalSection
	GlobalSection(ProjectConfigurationPlatforms) = postSolution
		{62DAB5A0-CEAB-4287-B02E-85DDB37DF9F0}.Debug|Any CPU.ActiveCfg = Debug|Any CPU
		{62DAB5A0-CEAB-4287-B02E-85DDB37DF9F0}.Debug|Any CPU.Build.0 = Debug|Any CPU
		{62DAB5A0-CEAB-4287-B02E-85DDB37DF9F0}.Debug|Any CPU.Deploy.0 = Debug|Any CPU
		{62DAB5A0-CEAB-4287-B02E-85DDB37DF9F0}.Release|Any CPU.ActiveCfg = Release|Any CPU
		{62DAB5A0-CEAB-4287-B02E-85DDB37DF9F0}.Release|Any CPU.Build.0 = Release|Any CPU
		{62DAB5A0-CEAB-4287-B02E-85DDB37DF9F0}.Release|Any CPU.Deploy.0 = Release|Any CPU
	EndGlobalSection
	GlobalSection(SolutionProperties) = preSolution
		HideSolutionNode = FALSE
	EndGlobalSection
	GlobalSection(ExtensibilityGlobals) = postSolution
		SolutionGuid = {E1EA3802-1BD6-428F-BF42-56F96BC01730}
	EndGlobalSection
EndGlobal
